
Microsoft Visual Studio Solution File, Format Version 12.00
# Visual Studio 14
VisualStudioVersion = 14.0.25420.1
MinimumVisualStudioVersion = 10.0.40219.1
Project("{FAE04EC0-301F-11D3-BF4B-00C04F79EFBC}") = "Client", "Client\Client.csproj", "{A2E97254-709A-4D51-AD19-3B72FC2CE926}"
EndProject
Project("{FAE04EC0-301F-11D3-BF4B-00C04F79EFBC}") = "BankServer", "BankServer\BankServer.csproj", "{3BD92843-43B1-4128-AE45-26299A377790}"
EndProject
Project("{FAE04EC0-301F-11D3-BF4B-00C04F79EFBC}") = "BetServer", "BetServer\BetServer.csproj", "{9CADFC6F-2F40-43EB-BC65-B5AA3D655561}"
EndProject
Project("{FAE04EC0-301F-11D3-BF4B-00C04F79EFBC}") = "Contracts", "IntegrationPlatform\Contracts.csproj", "{1559299E-7348-4FD7-9D85-9F78B1988343}"
EndProject
Project("{FAE04EC0-301F-11D3-BF4B-00C04F79EFBC}") = "ClientPrint", "ClientPrint\ClientPrint.csproj", "{302981CB-E6AB-4978-8FFC-EABE20596DA0}"
EndProject
Global
	GlobalSection(SolutionConfigurationPlatforms) = preSolution
		Debug|Any CPU = Debug|Any CPU
		Release|Any CPU = Release|Any CPU
	EndGlobalSection
	GlobalSection(ProjectConfigurationPlatforms) = postSolution
		{A2E97254-709A-4D51-AD19-3B72FC2CE926}.Debug|Any CPU.ActiveCfg = Debug|Any CPU
		{A2E97254-709A-4D51-AD19-3B72FC2CE926}.Debug|Any CPU.Build.0 = Debug|Any CPU
		{A2E97254-709A-4D51-AD19-3B72FC2CE926}.Release|Any CPU.ActiveCfg = Release|Any CPU
		{A2E97254-709A-4D51-AD19-3B72FC2CE926}.Release|Any CPU.Build.0 = Release|Any CPU
		{3BD92843-43B1-4128-AE45-26299A377790}.Debug|Any CPU.ActiveCfg = Debug|Any CPU
		{3BD92843-43B1-4128-AE45-26299A377790}.Debug|Any CPU.Build.0 = Debug|Any CPU
		{3BD92843-43B1-4128-AE45-26299A377790}.Release|Any CPU.ActiveCfg = Release|Any CPU
		{3BD92843-43B1-4128-AE45-26299A377790}.Release|Any CPU.Build.0 = Release|Any CPU
		{9CADFC6F-2F40-43EB-BC65-B5AA3D655561}.Debug|Any CPU.ActiveCfg = Debug|Any CPU
		{9CADFC6F-2F40-43EB-BC65-B5AA3D655561}.Debug|Any CPU.Build.0 = Debug|Any CPU
		{9CADFC6F-2F40-43EB-BC65-B5AA3D655561}.Release|Any CPU.ActiveCfg = Release|Any CPU
		{9CADFC6F-2F40-43EB-BC65-B5AA3D655561}.Release|Any CPU.Build.0 = Release|Any CPU
		{1559299E-7348-4FD7-9D85-9F78B1988343}.Debug|Any CPU.ActiveCfg = Debug|Any CPU
		{1559299E-7348-4FD7-9D85-9F78B1988343}.Debug|Any CPU.Build.0 = Debug|Any CPU
		{1559299E-7348-4FD7-9D85-9F78B1988343}.Release|Any CPU.ActiveCfg = Release|Any CPU
		{1559299E-7348-4FD7-9D85-9F78B1988343}.Release|Any CPU.Build.0 = Release|Any CPU
		{302981CB-E6AB-4978-8FFC-EABE20596DA0}.Debug|Any CPU.ActiveCfg = Debug|Any CPU
		{302981CB-E6AB-4978-8FFC-EABE20596DA0}.Debug|Any CPU.Build.0 = Debug|Any CPU
		{302981CB-E6AB-4978-8FFC-EABE20596DA0}.Release|Any CPU.ActiveCfg = Release|Any CPU
		{302981CB-E6AB-4978-8FFC-EABE20596DA0}.Release|Any CPU.Build.0 = Release|Any CPU
	EndGlobalSection
	GlobalSection(SolutionProperties) = preSolution
		HideSolutionNode = FALSE
	EndGlobalSection
EndGlobal
